
Microsoft Visual Studio Solution File, Format Version 12.00
# Visual Studio 15
VisualStudioVersion = 15.0.28307.572
MinimumVisualStudioVersion = 10.0.40219.1
Project("{FAE04EC0-301F-11D3-BF4B-00C04F79EFBC}") = "TicketPurchaseSim", "TicketPurchaseSim\TicketPurchaseSim.csproj", "{AF69F3F8-A15D-4AA6-AAAB-31C4DC3B488A}"
EndProject
Project("{9A19103F-16F7-4668-BE54-9A1E7A4F7556}") = "EosSharp", "eos-sharp\EosSharp\EosSharp\EosSharp.csproj", "{1685CC54-503E-4A94-991B-4BC1906E07B5}"
EndProject
Project("{9A19103F-16F7-4668-BE54-9A1E7A4F7556}") = "EosSharp.Core", "eos-sharp\EosSharp\EosSharp.Core\EosSharp.Core.csproj", "{AF3D83B0-78A3-4AE0-9A40-43A66065CF7D}"
EndProject
Global
	GlobalSection(SolutionConfigurationPlatforms) = preSolution
		Debug|Any CPU = Debug|Any CPU
		Release|Any CPU = Release|Any CPU
	EndGlobalSection
	GlobalSection(ProjectConfigurationPlatforms) = postSolution
		{AF69F3F8-A15D-4AA6-AAAB-31C4DC3B488A}.Debug|Any CPU.ActiveCfg = Debug|Any CPU
		{AF69F3F8-A15D-4AA6-AAAB-31C4DC3B488A}.Debug|Any CPU.Build.0 = Debug|Any CPU
		{AF69F3F8-A15D-4AA6-AAAB-31C4DC3B488A}.Release|Any CPU.ActiveCfg = Release|Any CPU
		{AF69F3F8-A15D-4AA6-AAAB-31C4DC3B488A}.Release|Any CPU.Build.0 = Release|Any CPU
		{1685CC54-503E-4A94-991B-4BC1906E07B5}.Debug|Any CPU.ActiveCfg = Debug|Any CPU
		{1685CC54-503E-4A94-991B-4BC1906E07B5}.Debug|Any CPU.Build.0 = Debug|Any CPU
		{1685CC54-503E-4A94-991B-4BC1906E07B5}.Release|Any CPU.ActiveCfg = Release|Any CPU
		{1685CC54-503E-4A94-991B-4BC1906E07B5}.Release|Any CPU.Build.0 = Release|Any CPU
		{AF3D83B0-78A3-4AE0-9A40-43A66065CF7D}.Debug|Any CPU.ActiveCfg = Debug|Any CPU
		{AF3D83B0-78A3-4AE0-9A40-43A66065CF7D}.Debug|Any CPU.Build.0 = Debug|Any CPU
		{AF3D83B0-78A3-4AE0-9A40-43A66065CF7D}.Release|Any CPU.ActiveCfg = Release|Any CPU
		{AF3D83B0-78A3-4AE0-9A40-43A66065CF7D}.Release|Any CPU.Build.0 = Release|Any CPU
	EndGlobalSection
	GlobalSection(SolutionProperties) = preSolution
		HideSolutionNode = FALSE
	EndGlobalSection
	GlobalSection(ExtensibilityGlobals) = postSolution
		SolutionGuid = {90D1537B-5F2D-4D37-B066-D85FC330D071}
	EndGlobalSection
EndGlobal
